
Microsoft Visual Studio Solution File, Format Version 12.00
# Visual Studio Version 17
VisualStudioVersion = 17.11.35327.3
MinimumVisualStudioVersion = 10.0.40219.1
Project("{FAE04EC0-301F-11D3-BF4B-00C04F79EFBC}") = "WorkoutPlanner", "WorkoutPlanner\WorkoutPlanner.csproj", "{A72F62D1-E26E-4B4B-B1B4-3071A8A3CF95}"
EndProject
Project("{FAE04EC0-301F-11D3-BF4B-00C04F79EFBC}") = "Tests", "Tests\Tests.csproj", "{596DA4E1-B756-42D8-8FCF-243F89B6C8B9}"
EndProject
Global
	GlobalSection(SolutionConfigurationPlatforms) = preSolution
		Debug|Any CPU = Debug|Any CPU
		Release|Any CPU = Release|Any CPU
	EndGlobalSection
	GlobalSection(ProjectConfigurationPlatforms) = postSolution
		{A72F62D1-E26E-4B4B-B1B4-3071A8A3CF95}.Debug|Any CPU.ActiveCfg = Debug|Any CPU
		{A72F62D1-E26E-4B4B-B1B4-3071A8A3CF95}.Debug|Any CPU.Build.0 = Debug|Any CPU
		{A72F62D1-E26E-4B4B-B1B4-3071A8A3CF95}.Release|Any CPU.ActiveCfg = Release|Any CPU
		{A72F62D1-E26E-4B4B-B1B4-3071A8A3CF95}.Release|Any CPU.Build.0 = Release|Any CPU
		{596DA4E1-B756-42D8-8FCF-243F89B6C8B9}.Debug|Any CPU.ActiveCfg = Debug|Any CPU
		{596DA4E1-B756-42D8-8FCF-243F89B6C8B9}.Debug|Any CPU.Build.0 = Debug|Any CPU
		{596DA4E1-B756-42D8-8FCF-243F89B6C8B9}.Release|Any CPU.ActiveCfg = Release|Any CPU
		{596DA4E1-B756-42D8-8FCF-243F89B6C8B9}.Release|Any CPU.Build.0 = Release|Any CPU
	EndGlobalSection
	GlobalSection(SolutionProperties) = preSolution
		HideSolutionNode = FALSE
	EndGlobalSection
	GlobalSection(ExtensibilityGlobals) = postSolution
		SolutionGuid = {DDD8C3DD-123F-4F72-A2E4-BEC921B52C3D}
	EndGlobalSection
EndGlobal
